
Microsoft Visual Studio Solution File, Format Version 12.00
# Visual Studio 15
VisualStudioVersion = 15.0.27703.2018
MinimumVisualStudioVersion = 10.0.40219.1
Project("{FAE04EC0-301F-11D3-BF4B-00C04F79EFBC}") = "WebFormCalculator", "WebFormCalculator\WebFormCalculator.csproj", "{951254AB-C59E-4D1C-BDA2-C783997120EC}"
EndProject
Global
	GlobalSection(SolutionConfigurationPlatforms) = preSolution
		Debug|Any CPU = Debug|Any CPU
		Release|Any CPU = Release|Any CPU
	EndGlobalSection
	GlobalSection(ProjectConfigurationPlatforms) = postSolution
		{951254AB-C59E-4D1C-BDA2-C783997120EC}.Debug|Any CPU.ActiveCfg = Debug|Any CPU
		{951254AB-C59E-4D1C-BDA2-C783997120EC}.Debug|Any CPU.Build.0 = Debug|Any CPU
		{951254AB-C59E-4D1C-BDA2-C783997120EC}.Release|Any CPU.ActiveCfg = Release|Any CPU
		{951254AB-C59E-4D1C-BDA2-C783997120EC}.Release|Any CPU.Build.0 = Release|Any CPU
	EndGlobalSection
	GlobalSection(SolutionProperties) = preSolution
		HideSolutionNode = FALSE
	EndGlobalSection
	GlobalSection(ExtensibilityGlobals) = postSolution
		SolutionGuid = {9320E8AA-5E83-4129-876B-46372BAC4AD8}
	EndGlobalSection
EndGlobal
